// !$*UTF8*$!
{
	archiveVersion = 1;
	classes = {
	};
	objectVersion = 50;
	objects = {

/* Begin PBXBuildFile section */
		025770FD23B4098D007147B6 /* AppDelegate.swift in Sources */ = {isa = PBXBuildFile; fileRef = 025770FC23B4098D007147B6 /* AppDelegate.swift */; };
		025770FF23B4098D007147B6 /* SceneDelegate.swift in Sources */ = {isa = PBXBuildFile; fileRef = 025770FE23B4098D007147B6 /* SceneDelegate.swift */; };
		0257710123B4098D007147B6 /* StationsList.swift in Sources */ = {isa = PBXBuildFile; fileRef = 0257710023B4098D007147B6 /* StationsList.swift */; };
		0257710323B4098F007147B6 /* Assets.xcassets in Resources */ = {isa = PBXBuildFile; fileRef = 0257710223B4098F007147B6 /* Assets.xcassets */; };
		0257710623B4098F007147B6 /* Preview Assets.xcassets in Resources */ = {isa = PBXBuildFile; fileRef = 0257710523B4098F007147B6 /* Preview Assets.xcassets */; };
		0257710923B4098F007147B6 /* LaunchScreen.storyboard in Resources */ = {isa = PBXBuildFile; fileRef = 0257710723B4098F007147B6 /* LaunchScreen.storyboard */; };
		0257711323B40CC2007147B6 /* StationStore.swift in Sources */ = {isa = PBXBuildFile; fileRef = 0257711223B40CC2007147B6 /* StationStore.swift */; };
		0257711523B40F1A007147B6 /* NetworkManager.swift in Sources */ = {isa = PBXBuildFile; fileRef = 0257711423B40F1A007147B6 /* NetworkManager.swift */; };
		0257711723B41007007147B6 /* Nextbikes.swift in Sources */ = {isa = PBXBuildFile; fileRef = 0257711623B41007007147B6 /* Nextbikes.swift */; };
		0257711923B413E6007147B6 /* BikeStationRow.swift in Sources */ = {isa = PBXBuildFile; fileRef = 0257711823B413E6007147B6 /* BikeStationRow.swift */; };
		0257711B23B416F5007147B6 /* ActivityIndicator.swift in Sources */ = {isa = PBXBuildFile; fileRef = 0257711A23B416F5007147B6 /* ActivityIndicator.swift */; };
		0257711D23B41803007147B6 /* LocationManager.swift in Sources */ = {isa = PBXBuildFile; fileRef = 0257711C23B41803007147B6 /* LocationManager.swift */; };
		0257711F23B41B79007147B6 /* PlaceExtension.swift in Sources */ = {isa = PBXBuildFile; fileRef = 0257711E23B41B79007147B6 /* PlaceExtension.swift */; };
/* End PBXBuildFile section */

/* Begin PBXFileReference section */
		025770F923B4098D007147B6 /* nextbikesnearme.app */ = {isa = PBXFileReference; explicitFileType = wrapper.application; includeInIndex = 0; path = nextbikesnearme.app; sourceTree = BUILT_PRODUCTS_DIR; };
		025770FC23B4098D007147B6 /* AppDelegate.swift */ = {isa = PBXFileReference; lastKnownFileType = sourcecode.swift; path = AppDelegate.swift; sourceTree = "<group>"; };
		025770FE23B4098D007147B6 /* SceneDelegate.swift */ = {isa = PBXFileReference; lastKnownFileType = sourcecode.swift; path = SceneDelegate.swift; sourceTree = "<group>"; };
		0257710023B4098D007147B6 /* StationsList.swift */ = {isa = PBXFileReference; lastKnownFileType = sourcecode.swift; path = StationsList.swift; sourceTree = "<group>"; };
		0257710223B4098F007147B6 /* Assets.xcassets */ = {isa = PBXFileReference; lastKnownFileType = folder.assetcatalog; path = Assets.xcassets; sourceTree = "<group>"; };
		0257710523B4098F007147B6 /* Preview Assets.xcassets */ = {isa = PBXFileReference; lastKnownFileType = folder.assetcatalog; path = "Preview Assets.xcassets"; sourceTree = "<group>"; };
		0257710823B4098F007147B6 /* Base */ = {isa = PBXFileReference; lastKnownFileType = file.storyboard; name = Base; path = Base.lproj/LaunchScreen.storyboard; sourceTree = "<group>"; };
		0257710A23B4098F007147B6 /* Info.plist */ = {isa = PBXFileReference; lastKnownFileType = text.plist.xml; path = Info.plist; sourceTree = "<group>"; };
		0257711223B40CC2007147B6 /* StationStore.swift */ = {isa = PBXFileReference; lastKnownFileType = sourcecode.swift; path = StationStore.swift; sourceTree = "<group>"; };
		0257711423B40F1A007147B6 /* NetworkManager.swift */ = {isa = PBXFileReference; lastKnownFileType = sourcecode.swift; path = NetworkManager.swift; sourceTree = "<group>"; };
		0257711623B41007007147B6 /* Nextbikes.swift */ = {isa = PBXFileReference; lastKnownFileType = sourcecode.swift; path = Nextbikes.swift; sourceTree = "<group>"; };
		0257711823B413E6007147B6 /* BikeStationRow.swift */ = {isa = PBXFileReference; lastKnownFileType = sourcecode.swift; path = BikeStationRow.swift; sourceTree = "<group>"; };
		0257711A23B416F5007147B6 /* ActivityIndicator.swift */ = {isa = PBXFileReference; lastKnownFileType = sourcecode.swift; path = ActivityIndicator.swift; sourceTree = "<group>"; };
		0257711C23B41803007147B6 /* LocationManager.swift */ = {isa = PBXFileReference; lastKnownFileType = sourcecode.swift; path = LocationManager.swift; sourceTree = "<group>"; };
		0257711E23B41B79007147B6 /* PlaceExtension.swift */ = {isa = PBXFileReference; lastKnownFileType = sourcecode.swift; path = PlaceExtension.swift; sourceTree = "<group>"; };
/* End PBXFileReference section */

/* Begin PBXFrameworksBuildPhase section */
		025770F623B4098D007147B6 /* Frameworks */ = {
			isa = PBXFrameworksBuildPhase;
			buildActionMask = 2147483647;
			files = (
			);
			runOnlyForDeploymentPostprocessing = 0;
		};
/* End PBXFrameworksBuildPhase section */

/* Begin PBXGroup section */
		025770F023B4098D007147B6 = {
			isa = PBXGroup;
			children = (
				025770FB23B4098D007147B6 /* nextbikesnearme */,
				025770FA23B4098D007147B6 /* Products */,
			);
			sourceTree = "<group>";
		};
		025770FA23B4098D007147B6 /* Products */ = {
			isa = PBXGroup;
			children = (
				025770F923B4098D007147B6 /* nextbikesnearme.app */,
			);
			name = Products;
			sourceTree = "<group>";
		};
		025770FB23B4098D007147B6 /* nextbikesnearme */ = {
			isa = PBXGroup;
			children = (
				02C12F5023B424DF00068BB4 /* Models */,
				025770FC23B4098D007147B6 /* AppDelegate.swift */,
				025770FE23B4098D007147B6 /* SceneDelegate.swift */,
				02C12F5123B4268800068BB4 /* Views */,
				0257710223B4098F007147B6 /* Assets.xcassets */,
				0257710723B4098F007147B6 /* LaunchScreen.storyboard */,
				0257710A23B4098F007147B6 /* Info.plist */,
				0257710423B4098F007147B6 /* Preview Content */,
			);
			path = nextbikesnearme;
			sourceTree = "<group>";
		};
		0257710423B4098F007147B6 /* Preview Content */ = {
			isa = PBXGroup;
			children = (
				0257710523B4098F007147B6 /* Preview Assets.xcassets */,
			);
			path = "Preview Content";
			sourceTree = "<group>";
		};
		02C12F5023B424DF00068BB4 /* Models */ = {
			isa = PBXGroup;
			children = (
				0257711223B40CC2007147B6 /* StationStore.swift */,
				0257711E23B41B79007147B6 /* PlaceExtension.swift */,
				0257711623B41007007147B6 /* Nextbikes.swift */,
				0257711C23B41803007147B6 /* LocationManager.swift */,
				0257711423B40F1A007147B6 /* NetworkManager.swift */,
			);
			path = Models;
			sourceTree = "<group>";
		};
		02C12F5123B4268800068BB4 /* Views */ = {
			isa = PBXGroup;
			children = (
				0257710023B4098D007147B6 /* StationsList.swift */,
				0257711A23B416F5007147B6 /* ActivityIndicator.swift */,
				0257711823B413E6007147B6 /* BikeStationRow.swift */,
			);
			path = Views;
			sourceTree = "<group>";
		};
/* End PBXGroup section */

/* Begin PBXNativeTarget section */
		025770F823B4098D007147B6 /* nextbikesnearme */ = {
			isa = PBXNativeTarget;
			buildConfigurationList = 0257710D23B4098F007147B6 /* Build configuration list for PBXNativeTarget "nextbikesnearme" */;
			buildPhases = (
				025770F523B4098D007147B6 /* Sources */,
				025770F623B4098D007147B6 /* Frameworks */,
				025770F723B4098D007147B6 /* Resources */,
			);
			buildRules = (
			);
			dependencies = (
			);
			name = nextbikesnearme;
			productName = nextbikesnearme;
			productReference = 025770F923B4098D007147B6 /* nextbikesnearme.app */;
			productType = "com.apple.product-type.application";
		};
/* End PBXNativeTarget section */

/* Begin PBXProject section */
		025770F123B4098D007147B6 /* Project object */ = {
			isa = PBXProject;
			attributes = {
				LastSwiftUpdateCheck = 1130;
				LastUpgradeCheck = 1130;
				ORGANIZATIONNAME = Blydro;
				TargetAttributes = {
					025770F823B4098D007147B6 = {
						CreatedOnToolsVersion = 11.3;
					};
				};
			};
			buildConfigurationList = 025770F423B4098D007147B6 /* Build configuration list for PBXProject "nextbikesnearme" */;
			compatibilityVersion = "Xcode 9.3";
			developmentRegion = en;
			hasScannedForEncodings = 0;
			knownRegions = (
				en,
				Base,
			);
			mainGroup = 025770F023B4098D007147B6;
			productRefGroup = 025770FA23B4098D007147B6 /* Products */;
			projectDirPath = "";
			projectRoot = "";
			targets = (
				025770F823B4098D007147B6 /* nextbikesnearme */,
			);
		};
/* End PBXProject section */

/* Begin PBXResourcesBuildPhase section */
		025770F723B4098D007147B6 /* Resources */ = {
			isa = PBXResourcesBuildPhase;
			buildActionMask = 2147483647;
			files = (
				0257710923B4098F007147B6 /* LaunchScreen.storyboard in Resources */,
				0257710623B4098F007147B6 /* Preview Assets.xcassets in Resources */,
				0257710323B4098F007147B6 /* Assets.xcassets in Resources */,
			);
			runOnlyForDeploymentPostprocessing = 0;
		};
/* End PBXResourcesBuildPhase section */

/* Begin PBXSourcesBuildPhase section */
		025770F523B4098D007147B6 /* Sources */ = {
			isa = PBXSourcesBuildPhase;
			buildActionMask = 2147483647;
			files = (
				0257711523B40F1A007147B6 /* NetworkManager.swift in Sources */,
				025770FD23B4098D007147B6 /* AppDelegate.swift in Sources */,
				025770FF23B4098D007147B6 /* SceneDelegate.swift in Sources */,
				0257711F23B41B79007147B6 /* PlaceExtension.swift in Sources */,
				0257711923B413E6007147B6 /* BikeStationRow.swift in Sources */,
				0257711B23B416F5007147B6 /* ActivityIndicator.swift in Sources */,
				0257711323B40CC2007147B6 /* StationStore.swift in Sources */,
				0257711723B41007007147B6 /* Nextbikes.swift in Sources */,
				0257710123B4098D007147B6 /* StationsList.swift in Sources */,
				0257711D23B41803007147B6 /* LocationManager.swift in Sources */,
			);
			runOnlyForDeploymentPostprocessing = 0;
		};
/* End PBXSourcesBuildPhase section */

/* Begin PBXVariantGroup section */
		0257710723B4098F007147B6 /* LaunchScreen.storyboard */ = {
			isa = PBXVariantGroup;
			children = (
				0257710823B4098F007147B6 /* Base */,
			);
			name = LaunchScreen.storyboard;
			sourceTree = "<group>";
		};
/* End PBXVariantGroup section */

/* Begin XCBuildConfiguration section */
		0257710B23B4098F007147B6 /* Debug */ = {
			isa = XCBuildConfiguration;
			buildSettings = {
				ALWAYS_SEARCH_USER_PATHS = NO;
				CLANG_ANALYZER_NONNULL = YES;
				CLANG_ANALYZER_NUMBER_OBJECT_CONVERSION = YES_AGGRESSIVE;
				CLANG_CXX_LANGUAGE_STANDARD = "gnu++14";
				CLANG_CXX_LIBRARY = "libc++";
				CLANG_ENABLE_MODULES = YES;
				CLANG_ENABLE_OBJC_ARC = YES;
				CLANG_ENABLE_OBJC_WEAK = YES;
				CLANG_WARN_BLOCK_CAPTURE_AUTORELEASING = YES;
				CLANG_WARN_BOOL_CONVERSION = YES;
				CLANG_WARN_COMMA = YES;
				CLANG_WARN_CONSTANT_CONVERSION = YES;
				CLANG_WARN_DEPRECATED_OBJC_IMPLEMENTATIONS = YES;
				CLANG_WARN_DIRECT_OBJC_ISA_USAGE = YES_ERROR;
				CLANG_WARN_DOCUMENTATION_COMMENTS = YES;
				CLANG_WARN_EMPTY_BODY = YES;
				CLANG_WARN_ENUM_CONVERSION = YES;
				CLANG_WARN_INFINITE_RECURSION = YES;
				CLANG_WARN_INT_CONVERSION = YES;
				CLANG_WARN_NON_LITERAL_NULL_CONVERSION = YES;
				CLANG_WARN_OBJC_IMPLICIT_RETAIN_SELF = YES;
				CLANG_WARN_OBJC_LITERAL_CONVERSION = YES;
				CLANG_WARN_OBJC_ROOT_CLASS = YES_ERROR;
				CLANG_WARN_RANGE_LOOP_ANALYSIS = YES;
				CLANG_WARN_STRICT_PROTOTYPES = YES;
				CLANG_WARN_SUSPICIOUS_MOVE = YES;
				CLANG_WARN_UNGUARDED_AVAILABILITY = YES_AGGRESSIVE;
				CLANG_WARN_UNREACHABLE_CODE = YES;
				CLANG_WARN__DUPLICATE_METHOD_MATCH = YES;
				COPY_PHASE_STRIP = NO;
				DEBUG_INFORMATION_FORMAT = dwarf;
				ENABLE_STRICT_OBJC_MSGSEND = YES;
				ENABLE_TESTABILITY = YES;
				GCC_C_LANGUAGE_STANDARD = gnu11;
				GCC_DYNAMIC_NO_PIC = NO;
				GCC_NO_COMMON_BLOCKS = YES;
				GCC_OPTIMIZATION_LEVEL = 0;
				GCC_PREPROCESSOR_DEFINITIONS = (
					"DEBUG=1",
					"$(inherited)",
				);
				GCC_WARN_64_TO_32_BIT_CONVERSION = YES;
				GCC_WARN_ABOUT_RETURN_TYPE = YES_ERROR;
				GCC_WARN_UNDECLARED_SELECTOR = YES;
				GCC_WARN_UNINITIALIZED_AUTOS = YES_AGGRESSIVE;
				GCC_WARN_UNUSED_FUNCTION = YES;
				GCC_WARN_UNUSED_VARIABLE = YES;
				IPHONEOS_DEPLOYMENT_TARGET = 13.2;
				MTL_ENABLE_DEBUG_INFO = INCLUDE_SOURCE;
				MTL_FAST_MATH = YES;
				ONLY_ACTIVE_ARCH = YES;
				SDKROOT = iphoneos;
				SWIFT_ACTIVE_COMPILATION_CONDITIONS = DEBUG;
				SWIFT_OPTIMIZATION_LEVEL = "-Onone";
			};
			name = Debug;
		};
		0257710C23B4098F007147B6 /* Release */ = {
			isa = XCBuildConfiguration;
			buildSettings = {
				ALWAYS_SEARCH_USER_PATHS = NO;
				CLANG_ANALYZER_NONNULL = YES;
				CLANG_ANALYZER_NUMBER_OBJECT_CONVERSION = YES_AGGRESSIVE;
				CLANG_CXX_LANGUAGE_STANDARD = "gnu++14";
				CLANG_CXX_LIBRARY = "libc++";
				CLANG_ENABLE_MODULES = YES;
				CLANG_ENABLE_OBJC_ARC = YES;
				CLANG_ENABLE_OBJC_WEAK = YES;
				CLANG_WARN_BLOCK_CAPTURE_AUTORELEASING = YES;
				CLANG_WARN_BOOL_CONVERSION = YES;
				CLANG_WARN_COMMA = YES;
				CLANG_WARN_CONSTANT_CONVERSION = YES;
				CLANG_WARN_DEPRECATED_OBJC_IMPLEMENTATIONS = YES;
				CLANG_WARN_DIRECT_OBJC_ISA_USAGE = YES_ERROR;
				CLANG_WARN_DOCUMENTATION_COMMENTS = YES;
				CLANG_WARN_EMPTY_BODY = YES;
				CLANG_WARN_ENUM_CONVERSION = YES;
				CLANG_WARN_INFINITE_RECURSION = YES;
				CLANG_WARN_INT_CONVERSION = YES;
				CLANG_WARN_NON_LITERAL_NULL_CONVERSION = YES;
				CLANG_WARN_OBJC_IMPLICIT_RETAIN_SELF = YES;
				CLANG_WARN_OBJC_LITERAL_CONVERSION = YES;
				CLANG_WARN_OBJC_ROOT_CLASS = YES_ERROR;
				CLANG_WARN_RANGE_LOOP_ANALYSIS = YES;
				CLANG_WARN_STRICT_PROTOTYPES = YES;
				CLANG_WARN_SUSPICIOUS_MOVE = YES;
				CLANG_WARN_UNGUARDED_AVAILABILITY = YES_AGGRESSIVE;
				CLANG_WARN_UNREACHABLE_CODE = YES;
				CLANG_WARN__DUPLICATE_METHOD_MATCH = YES;
				COPY_PHASE_STRIP = NO;
				DEBUG_INFORMATION_FORMAT = "dwarf-with-dsym";
				ENABLE_NS_ASSERTIONS = NO;
				ENABLE_STRICT_OBJC_MSGSEND = YES;
				GCC_C_LANGUAGE_STANDARD = gnu11;
				GCC_NO_COMMON_BLOCKS = YES;
				GCC_WARN_64_TO_32_BIT_CONVERSION = YES;
				GCC_WARN_ABOUT_RETURN_TYPE = YES_ERROR;
				GCC_WARN_UNDECLARED_SELECTOR = YES;
				GCC_WARN_UNINITIALIZED_AUTOS = YES_AGGRESSIVE;
				GCC_WARN_UNUSED_FUNCTION = YES;
				GCC_WARN_UNUSED_VARIABLE = YES;
				IPHONEOS_DEPLOYMENT_TARGET = 13.2;
				MTL_ENABLE_DEBUG_INFO = NO;
				MTL_FAST_MATH = YES;
				SDKROOT = iphoneos;
				SWIFT_COMPILATION_MODE = wholemodule;
				SWIFT_OPTIMIZATION_LEVEL = "-O";
				VALIDATE_PRODUCT = YES;
			};
			name = Release;
		};
		0257710E23B4098F007147B6 /* Debug */ = {
			isa = XCBuildConfiguration;
			buildSettings = {
				ASSETCATALOG_COMPILER_APPICON_NAME = AppIcon;
				CODE_SIGN_STYLE = Automatic;
				DEVELOPMENT_ASSET_PATHS = "\"nextbikesnearme/Preview Content\"";
				DEVELOPMENT_TEAM = ZH497CA8QC;
				ENABLE_PREVIEWS = YES;
				INFOPLIST_FILE = nextbikesnearme/Info.plist;
				LD_RUNPATH_SEARCH_PATHS = (
					"$(inherited)",
					"@executable_path/Frameworks",
				);
				PRODUCT_BUNDLE_IDENTIFIER = blydro.nextbikesnearme;
				PRODUCT_NAME = "$(TARGET_NAME)";
				SWIFT_VERSION = 5.0;
				TARGETED_DEVICE_FAMILY = "1,2";
			};
			name = Debug;
		};
		0257710F23B4098F007147B6 /* Release */ = {
			isa = XCBuildConfiguration;
			buildSettings = {
				ASSETCATALOG_COMPILER_APPICON_NAME = AppIcon;
				CODE_SIGN_STYLE = Automatic;
				DEVELOPMENT_ASSET_PATHS = "\"nextbikesnearme/Preview Content\"";
				DEVELOPMENT_TEAM = ZH497CA8QC;
				ENABLE_PREVIEWS = YES;
				INFOPLIST_FILE = nextbikesnearme/Info.plist;
				LD_RUNPATH_SEARCH_PATHS = (
					"$(inherited)",
					"@executable_path/Frameworks",
				);
				PRODUCT_BUNDLE_IDENTIFIER = blydro.nextbikesnearme;
				PRODUCT_NAME = "$(TARGET_NAME)";
				SWIFT_VERSION = 5.0;
				TARGETED_DEVICE_FAMILY = "1,2";
			};
			name = Release;
		};
/* End XCBuildConfiguration section */

/* Begin XCConfigurationList section */
		025770F423B4098D007147B6 /* Build configuration list for PBXProject "nextbikesnearme" */ = {
			isa = XCConfigurationList;
			buildConfigurations = (
				0257710B23B4098F007147B6 /* Debug */,
				0257710C23B4098F007147B6 /* Release */,
			);
			defaultConfigurationIsVisible = 0;
			defaultConfigurationName = Release;
		};
		0257710D23B4098F007147B6 /* Build configuration list for PBXNativeTarget "nextbikesnearme" */ = {
			isa = XCConfigurationList;
			buildConfigurations = (
				0257710E23B4098F007147B6 /* Debug */,
				0257710F23B4098F007147B6 /* Release */,
			);
			defaultConfigurationIsVisible = 0;
			defaultConfigurationName = Release;
		};
/* End XCConfigurationList section */
	};
	rootObject = 025770F123B4098D007147B6 /* Project object */;
}
